
Microsoft Visual Studio Solution File, Format Version 12.00
# Visual Studio 15
VisualStudioVersion = 15.0.28010.2046
MinimumVisualStudioVersion = 10.0.40219.1
Project("{FAE04EC0-301F-11D3-BF4B-00C04F79EFBC}") = "MvcOrgTree", "MvcOrgTree\MvcOrgTree.csproj", "{AE087388-567E-49B4-AA36-0C3D09D4EBA1}"
EndProject
Project("{FAE04EC0-301F-11D3-BF4B-00C04F79EFBC}") = "Demo", "Demo\Demo.csproj", "{143A4689-D4A8-45E9-92B0-B69747948679}"
EndProject
Global
	GlobalSection(SolutionConfigurationPlatforms) = preSolution
		Debug|Any CPU = Debug|Any CPU
		Release|Any CPU = Release|Any CPU
	EndGlobalSection
	GlobalSection(ProjectConfigurationPlatforms) = postSolution
		{AE087388-567E-49B4-AA36-0C3D09D4EBA1}.Debug|Any CPU.ActiveCfg = Debug|Any CPU
		{AE087388-567E-49B4-AA36-0C3D09D4EBA1}.Debug|Any CPU.Build.0 = Debug|Any CPU
		{AE087388-567E-49B4-AA36-0C3D09D4EBA1}.Release|Any CPU.ActiveCfg = Release|Any CPU
		{AE087388-567E-49B4-AA36-0C3D09D4EBA1}.Release|Any CPU.Build.0 = Release|Any CPU
		{143A4689-D4A8-45E9-92B0-B69747948679}.Debug|Any CPU.ActiveCfg = Debug|Any CPU
		{143A4689-D4A8-45E9-92B0-B69747948679}.Debug|Any CPU.Build.0 = Debug|Any CPU
		{143A4689-D4A8-45E9-92B0-B69747948679}.Release|Any CPU.ActiveCfg = Release|Any CPU
		{143A4689-D4A8-45E9-92B0-B69747948679}.Release|Any CPU.Build.0 = Release|Any CPU
	EndGlobalSection
	GlobalSection(SolutionProperties) = preSolution
		HideSolutionNode = FALSE
	EndGlobalSection
	GlobalSection(ExtensibilityGlobals) = postSolution
		SolutionGuid = {72488998-0B0F-4765-9108-F7BD2976DF94}
	EndGlobalSection
EndGlobal
